
Microsoft Visual Studio Solution File, Format Version 12.00
# Visual Studio Version 17
VisualStudioVersion = 17.9.34728.123
MinimumVisualStudioVersion = 10.0.40219.1
Project("{FAE04EC0-301F-11D3-BF4B-00C04F79EFBC}") = "app", "app\app.csproj", "{517CF935-C0D0-4BC9-BF07-F550BF6E26FA}"
EndProject
Global
	GlobalSection(SolutionConfigurationPlatforms) = preSolution
		Debug|Any CPU = Debug|Any CPU
		Release|Any CPU = Release|Any CPU
	EndGlobalSection
	GlobalSection(ProjectConfigurationPlatforms) = postSolution
		{517CF935-C0D0-4BC9-BF07-F550BF6E26FA}.Debug|Any CPU.ActiveCfg = Debug|Any CPU
		{517CF935-C0D0-4BC9-BF07-F550BF6E26FA}.Debug|Any CPU.Build.0 = Debug|Any CPU
		{517CF935-C0D0-4BC9-BF07-F550BF6E26FA}.Release|Any CPU.ActiveCfg = Release|Any CPU
		{517CF935-C0D0-4BC9-BF07-F550BF6E26FA}.Release|Any CPU.Build.0 = Release|Any CPU
	EndGlobalSection
	GlobalSection(SolutionProperties) = preSolution
		HideSolutionNode = FALSE
	EndGlobalSection
	GlobalSection(ExtensibilityGlobals) = postSolution
		SolutionGuid = {420C89DA-F54D-4277-B75B-8A080B1416F4}
	EndGlobalSection
EndGlobal
